
Microsoft Visual Studio Solution File, Format Version 12.00
# Visual Studio Version 16
VisualStudioVersion = 16.0.31911.196
MinimumVisualStudioVersion = 10.0.40219.1
Project("{9A19103F-16F7-4668-BE54-9A1E7A4F7556}") = "Visitor Management System", "Visitor Management System\Visitor Management System.csproj", "{31FA3A75-2AFA-47C3-BCB9-706741D55CAA}"
EndProject
Project("{FAE04EC0-301F-11D3-BF4B-00C04F79EFBC}") = "VisitorManagementSystemTest1", "VisitorManagementSystemTest1\VisitorManagementSystemTest1.csproj", "{9075CE19-9E5C-47A7-8ABA-E2F1E3323B6E}"
EndProject
Global
	GlobalSection(SolutionConfigurationPlatforms) = preSolution
		Debug|Any CPU = Debug|Any CPU
		Release|Any CPU = Release|Any CPU
	EndGlobalSection
	GlobalSection(ProjectConfigurationPlatforms) = postSolution
		{31FA3A75-2AFA-47C3-BCB9-706741D55CAA}.Debug|Any CPU.ActiveCfg = Debug|Any CPU
		{31FA3A75-2AFA-47C3-BCB9-706741D55CAA}.Debug|Any CPU.Build.0 = Debug|Any CPU
		{31FA3A75-2AFA-47C3-BCB9-706741D55CAA}.Release|Any CPU.ActiveCfg = Release|Any CPU
		{31FA3A75-2AFA-47C3-BCB9-706741D55CAA}.Release|Any CPU.Build.0 = Release|Any CPU
		{9075CE19-9E5C-47A7-8ABA-E2F1E3323B6E}.Debug|Any CPU.ActiveCfg = Debug|Any CPU
		{9075CE19-9E5C-47A7-8ABA-E2F1E3323B6E}.Debug|Any CPU.Build.0 = Debug|Any CPU
		{9075CE19-9E5C-47A7-8ABA-E2F1E3323B6E}.Release|Any CPU.ActiveCfg = Release|Any CPU
		{9075CE19-9E5C-47A7-8ABA-E2F1E3323B6E}.Release|Any CPU.Build.0 = Release|Any CPU
	EndGlobalSection
	GlobalSection(SolutionProperties) = preSolution
		HideSolutionNode = FALSE
	EndGlobalSection
	GlobalSection(ExtensibilityGlobals) = postSolution
		SolutionGuid = {8F9A772B-91A0-41CB-AA6E-C786EAA36235}
	EndGlobalSection
EndGlobal
